// !$*UTF8*$!
{
	archiveVersion = 1;
	classes = {
	};
	objectVersion = 55;
	objects = {

/* Begin PBXBuildFile section */
		D61B9B872922BF9B003A2A0E /* CoinListModel.swift in Sources */ = {isa = PBXBuildFile; fileRef = D61B9B862922BF9B003A2A0E /* CoinListModel.swift */; };
		D61B9B892922C752003A2A0E /* BadgeColorModel.swift in Sources */ = {isa = PBXBuildFile; fileRef = D61B9B882922C752003A2A0E /* BadgeColorModel.swift */; };
		D61B9B8B2922C902003A2A0E /* SearchBarView.swift in Sources */ = {isa = PBXBuildFile; fileRef = D61B9B8A2922C902003A2A0E /* SearchBarView.swift */; };
		D62B8D0728BFEDFA00623603 /* CoinMemoApp.swift in Sources */ = {isa = PBXBuildFile; fileRef = D62B8D0628BFEDFA00623603 /* CoinMemoApp.swift */; };
		D62B8D0B28BFEDFB00623603 /* Assets.xcassets in Resources */ = {isa = PBXBuildFile; fileRef = D62B8D0A28BFEDFB00623603 /* Assets.xcassets */; };
		D62B8D0E28BFEDFB00623603 /* Preview Assets.xcassets in Resources */ = {isa = PBXBuildFile; fileRef = D62B8D0D28BFEDFB00623603 /* Preview Assets.xcassets */; };
		D65C634B28BFF418004C6301 /* PortfolioView.swift in Sources */ = {isa = PBXBuildFile; fileRef = D65C634428BFF418004C6301 /* PortfolioView.swift */; };
		D65C634D28BFF418004C6301 /* CoinTableView.swift in Sources */ = {isa = PBXBuildFile; fileRef = D65C634628BFF418004C6301 /* CoinTableView.swift */; };
		D65C634E28BFF418004C6301 /* PortfolioSettingsView.swift in Sources */ = {isa = PBXBuildFile; fileRef = D65C634728BFF418004C6301 /* PortfolioSettingsView.swift */; };
		D65C634F28BFF418004C6301 /* CoinTableItemView.swift in Sources */ = {isa = PBXBuildFile; fileRef = D65C634828BFF418004C6301 /* CoinTableItemView.swift */; };
		D65C635028BFF418004C6301 /* BadgeView.swift in Sources */ = {isa = PBXBuildFile; fileRef = D65C634928BFF418004C6301 /* BadgeView.swift */; };
		D65C635128BFF418004C6301 /* AddCoinView.swift in Sources */ = {isa = PBXBuildFile; fileRef = D65C634A28BFF418004C6301 /* AddCoinView.swift */; };
		D65C635628BFF461004C6301 /* TransactionTableItemView.swift in Sources */ = {isa = PBXBuildFile; fileRef = D65C635328BFF461004C6301 /* TransactionTableItemView.swift */; };
		D65C635728BFF461004C6301 /* AddTransactionView.swift in Sources */ = {isa = PBXBuildFile; fileRef = D65C635428BFF461004C6301 /* AddTransactionView.swift */; };
		D65C635828BFF461004C6301 /* CoinView.swift in Sources */ = {isa = PBXBuildFile; fileRef = D65C635528BFF461004C6301 /* CoinView.swift */; };
		D65C635B28BFF49D004C6301 /* PortfolioModel.swift in Sources */ = {isa = PBXBuildFile; fileRef = D65C635A28BFF49D004C6301 /* PortfolioModel.swift */; };
		D65C636228BFF4C7004C6301 /* APICall.swift in Sources */ = {isa = PBXBuildFile; fileRef = D65C635D28BFF4C6004C6301 /* APICall.swift */; };
		D65C636328BFF4C7004C6301 /* DataManager.swift in Sources */ = {isa = PBXBuildFile; fileRef = D65C635E28BFF4C6004C6301 /* DataManager.swift */; };
		D65C636428BFF4C7004C6301 /* Constant.swift in Sources */ = {isa = PBXBuildFile; fileRef = D65C635F28BFF4C6004C6301 /* Constant.swift */; };
		D65C636528BFF4C7004C6301 /* Extension.swift in Sources */ = {isa = PBXBuildFile; fileRef = D65C636028BFF4C7004C6301 /* Extension.swift */; };
		D65C636628BFF4C7004C6301 /* emptyPortfolio.json in Resources */ = {isa = PBXBuildFile; fileRef = D65C636128BFF4C7004C6301 /* emptyPortfolio.json */; };
		D6717EF628D8C1DA0021004C /* PortfolioListView.swift in Sources */ = {isa = PBXBuildFile; fileRef = D6717EF528D8C1DA0021004C /* PortfolioListView.swift */; };
		D6717EF828D8C62E0021004C /* AddPortfolioView.swift in Sources */ = {isa = PBXBuildFile; fileRef = D6717EF728D8C62E0021004C /* AddPortfolioView.swift */; };
/* End PBXBuildFile section */

/* Begin PBXFileReference section */
		D61B9B862922BF9B003A2A0E /* CoinListModel.swift */ = {isa = PBXFileReference; lastKnownFileType = sourcecode.swift; path = CoinListModel.swift; sourceTree = "<group>"; };
		D61B9B882922C752003A2A0E /* BadgeColorModel.swift */ = {isa = PBXFileReference; lastKnownFileType = sourcecode.swift; path = BadgeColorModel.swift; sourceTree = "<group>"; };
		D61B9B8A2922C902003A2A0E /* SearchBarView.swift */ = {isa = PBXFileReference; fileEncoding = 4; lastKnownFileType = sourcecode.swift; path = SearchBarView.swift; sourceTree = "<group>"; };
		D62B8D0328BFEDFA00623603 /* CoinMemo.app */ = {isa = PBXFileReference; explicitFileType = wrapper.application; includeInIndex = 0; path = CoinMemo.app; sourceTree = BUILT_PRODUCTS_DIR; };
		D62B8D0628BFEDFA00623603 /* CoinMemoApp.swift */ = {isa = PBXFileReference; lastKnownFileType = sourcecode.swift; path = CoinMemoApp.swift; sourceTree = "<group>"; };
		D62B8D0A28BFEDFB00623603 /* Assets.xcassets */ = {isa = PBXFileReference; lastKnownFileType = folder.assetcatalog; path = Assets.xcassets; sourceTree = "<group>"; };
		D62B8D0D28BFEDFB00623603 /* Preview Assets.xcassets */ = {isa = PBXFileReference; lastKnownFileType = folder.assetcatalog; path = "Preview Assets.xcassets"; sourceTree = "<group>"; };
		D65C634428BFF418004C6301 /* PortfolioView.swift */ = {isa = PBXFileReference; fileEncoding = 4; lastKnownFileType = sourcecode.swift; path = PortfolioView.swift; sourceTree = "<group>"; };
		D65C634628BFF418004C6301 /* CoinTableView.swift */ = {isa = PBXFileReference; fileEncoding = 4; lastKnownFileType = sourcecode.swift; path = CoinTableView.swift; sourceTree = "<group>"; };
		D65C634728BFF418004C6301 /* PortfolioSettingsView.swift */ = {isa = PBXFileReference; fileEncoding = 4; lastKnownFileType = sourcecode.swift; path = PortfolioSettingsView.swift; sourceTree = "<group>"; };
		D65C634828BFF418004C6301 /* CoinTableItemView.swift */ = {isa = PBXFileReference; fileEncoding = 4; lastKnownFileType = sourcecode.swift; path = CoinTableItemView.swift; sourceTree = "<group>"; };
		D65C634928BFF418004C6301 /* BadgeView.swift */ = {isa = PBXFileReference; fileEncoding = 4; lastKnownFileType = sourcecode.swift; path = BadgeView.swift; sourceTree = "<group>"; };
		D65C634A28BFF418004C6301 /* AddCoinView.swift */ = {isa = PBXFileReference; fileEncoding = 4; lastKnownFileType = sourcecode.swift; path = AddCoinView.swift; sourceTree = "<group>"; };
		D65C635328BFF461004C6301 /* TransactionTableItemView.swift */ = {isa = PBXFileReference; fileEncoding = 4; lastKnownFileType = sourcecode.swift; path = TransactionTableItemView.swift; sourceTree = "<group>"; };
		D65C635428BFF461004C6301 /* AddTransactionView.swift */ = {isa = PBXFileReference; fileEncoding = 4; lastKnownFileType = sourcecode.swift; path = AddTransactionView.swift; sourceTree = "<group>"; };
		D65C635528BFF461004C6301 /* CoinView.swift */ = {isa = PBXFileReference; fileEncoding = 4; lastKnownFileType = sourcecode.swift; path = CoinView.swift; sourceTree = "<group>"; };
		D65C635A28BFF49D004C6301 /* PortfolioModel.swift */ = {isa = PBXFileReference; fileEncoding = 4; lastKnownFileType = sourcecode.swift; path = PortfolioModel.swift; sourceTree = "<group>"; };
		D65C635D28BFF4C6004C6301 /* APICall.swift */ = {isa = PBXFileReference; fileEncoding = 4; lastKnownFileType = sourcecode.swift; path = APICall.swift; sourceTree = "<group>"; };
		D65C635E28BFF4C6004C6301 /* DataManager.swift */ = {isa = PBXFileReference; fileEncoding = 4; lastKnownFileType = sourcecode.swift; path = DataManager.swift; sourceTree = "<group>"; };
		D65C635F28BFF4C6004C6301 /* Constant.swift */ = {isa = PBXFileReference; fileEncoding = 4; lastKnownFileType = sourcecode.swift; path = Constant.swift; sourceTree = "<group>"; };
		D65C636028BFF4C7004C6301 /* Extension.swift */ = {isa = PBXFileReference; fileEncoding = 4; lastKnownFileType = sourcecode.swift; path = Extension.swift; sourceTree = "<group>"; };
		D65C636128BFF4C7004C6301 /* emptyPortfolio.json */ = {isa = PBXFileReference; fileEncoding = 4; lastKnownFileType = text.json; path = emptyPortfolio.json; sourceTree = "<group>"; };
		D6717EF528D8C1DA0021004C /* PortfolioListView.swift */ = {isa = PBXFileReference; lastKnownFileType = sourcecode.swift; path = PortfolioListView.swift; sourceTree = "<group>"; };
		D6717EF728D8C62E0021004C /* AddPortfolioView.swift */ = {isa = PBXFileReference; lastKnownFileType = sourcecode.swift; path = AddPortfolioView.swift; sourceTree = "<group>"; };
/* End PBXFileReference section */

/* Begin PBXFrameworksBuildPhase section */
		D62B8D0028BFEDFA00623603 /* Frameworks */ = {
			isa = PBXFrameworksBuildPhase;
			buildActionMask = 2147483647;
			files = (
			);
			runOnlyForDeploymentPostprocessing = 0;
		};
/* End PBXFrameworksBuildPhase section */

/* Begin PBXGroup section */
		D62B8CFA28BFEDFA00623603 = {
			isa = PBXGroup;
			children = (
				D62B8D0528BFEDFA00623603 /* CoinMemo */,
				D62B8D0428BFEDFA00623603 /* Products */,
			);
			sourceTree = "<group>";
		};
		D62B8D0428BFEDFA00623603 /* Products */ = {
			isa = PBXGroup;
			children = (
				D62B8D0328BFEDFA00623603 /* CoinMemo.app */,
			);
			name = Products;
			sourceTree = "<group>";
		};
		D62B8D0528BFEDFA00623603 /* CoinMemo */ = {
			isa = PBXGroup;
			children = (
				D62B8D0628BFEDFA00623603 /* CoinMemoApp.swift */,
				D62B8D0A28BFEDFB00623603 /* Assets.xcassets */,
				D65C635928BFF48F004C6301 /* Model */,
				D65C634228BFF36D004C6301 /* Views */,
				D65C635C28BFF4B0004C6301 /* Utilities */,
				D62B8D0C28BFEDFB00623603 /* Preview Content */,
			);
			path = CoinMemo;
			sourceTree = "<group>";
		};
		D62B8D0C28BFEDFB00623603 /* Preview Content */ = {
			isa = PBXGroup;
			children = (
				D62B8D0D28BFEDFB00623603 /* Preview Assets.xcassets */,
			);
			path = "Preview Content";
			sourceTree = "<group>";
		};
		D65C634228BFF36D004C6301 /* Views */ = {
			isa = PBXGroup;
			children = (
				D65C634328BFF3F1004C6301 /* Portfolio */,
				D65C635228BFF452004C6301 /* Coin */,
			);
			path = Views;
			sourceTree = "<group>";
		};
		D65C634328BFF3F1004C6301 /* Portfolio */ = {
			isa = PBXGroup;
			children = (
				D65C634A28BFF418004C6301 /* AddCoinView.swift */,
				D6717EF728D8C62E0021004C /* AddPortfolioView.swift */,
				D6717EF528D8C1DA0021004C /* PortfolioListView.swift */,
				D65C634928BFF418004C6301 /* BadgeView.swift */,
				D65C634628BFF418004C6301 /* CoinTableView.swift */,
				D65C634828BFF418004C6301 /* CoinTableItemView.swift */,
				D65C634728BFF418004C6301 /* PortfolioSettingsView.swift */,
				D65C634428BFF418004C6301 /* PortfolioView.swift */,
				D61B9B8A2922C902003A2A0E /* SearchBarView.swift */,
			);
			path = Portfolio;
			sourceTree = "<group>";
		};
		D65C635228BFF452004C6301 /* Coin */ = {
			isa = PBXGroup;
			children = (
				D65C635428BFF461004C6301 /* AddTransactionView.swift */,
				D65C635528BFF461004C6301 /* CoinView.swift */,
				D65C635328BFF461004C6301 /* TransactionTableItemView.swift */,
			);
			path = Coin;
			sourceTree = "<group>";
		};
		D65C635928BFF48F004C6301 /* Model */ = {
			isa = PBXGroup;
			children = (
				D65C635A28BFF49D004C6301 /* PortfolioModel.swift */,
				D61B9B862922BF9B003A2A0E /* CoinListModel.swift */,
				D61B9B882922C752003A2A0E /* BadgeColorModel.swift */,
			);
			path = Model;
			sourceTree = "<group>";
		};
		D65C635C28BFF4B0004C6301 /* Utilities */ = {
			isa = PBXGroup;
			children = (
				D65C635F28BFF4C6004C6301 /* Constant.swift */,
				D65C635E28BFF4C6004C6301 /* DataManager.swift */,
				D65C635D28BFF4C6004C6301 /* APICall.swift */,
				D65C636028BFF4C7004C6301 /* Extension.swift */,
				D65C636128BFF4C7004C6301 /* emptyPortfolio.json */,
			);
			path = Utilities;
			sourceTree = "<group>";
		};
/* End PBXGroup section */

/* Begin PBXNativeTarget section */
		D62B8D0228BFEDFA00623603 /* CoinMemo */ = {
			isa = PBXNativeTarget;
			buildConfigurationList = D62B8D1128BFEDFB00623603 /* Build configuration list for PBXNativeTarget "CoinMemo" */;
			buildPhases = (
				D62B8CFF28BFEDFA00623603 /* Sources */,
				D62B8D0028BFEDFA00623603 /* Frameworks */,
				D62B8D0128BFEDFA00623603 /* Resources */,
			);
			buildRules = (
			);
			dependencies = (
			);
			name = CoinMemo;
			productName = CoinMemo;
			productReference = D62B8D0328BFEDFA00623603 /* CoinMemo.app */;
			productType = "com.apple.product-type.application";
		};
/* End PBXNativeTarget section */

/* Begin PBXProject section */
		D62B8CFB28BFEDFA00623603 /* Project object */ = {
			isa = PBXProject;
			attributes = {
				BuildIndependentTargetsInParallel = 1;
				LastSwiftUpdateCheck = 1330;
				LastUpgradeCheck = 1330;
				TargetAttributes = {
					D62B8D0228BFEDFA00623603 = {
						CreatedOnToolsVersion = 13.3;
					};
				};
			};
			buildConfigurationList = D62B8CFE28BFEDFA00623603 /* Build configuration list for PBXProject "CoinMemo" */;
			compatibilityVersion = "Xcode 13.0";
			developmentRegion = en;
			hasScannedForEncodings = 0;
			knownRegions = (
				en,
				Base,
			);
			mainGroup = D62B8CFA28BFEDFA00623603;
			productRefGroup = D62B8D0428BFEDFA00623603 /* Products */;
			projectDirPath = "";
			projectRoot = "";
			targets = (
				D62B8D0228BFEDFA00623603 /* CoinMemo */,
			);
		};
/* End PBXProject section */

/* Begin PBXResourcesBuildPhase section */
		D62B8D0128BFEDFA00623603 /* Resources */ = {
			isa = PBXResourcesBuildPhase;
			buildActionMask = 2147483647;
			files = (
				D62B8D0E28BFEDFB00623603 /* Preview Assets.xcassets in Resources */,
				D65C636628BFF4C7004C6301 /* emptyPortfolio.json in Resources */,
				D62B8D0B28BFEDFB00623603 /* Assets.xcassets in Resources */,
			);
			runOnlyForDeploymentPostprocessing = 0;
		};
/* End PBXResourcesBuildPhase section */

/* Begin PBXSourcesBuildPhase section */
		D62B8CFF28BFEDFA00623603 /* Sources */ = {
			isa = PBXSourcesBuildPhase;
			buildActionMask = 2147483647;
			files = (
				D61B9B8B2922C902003A2A0E /* SearchBarView.swift in Sources */,
				D65C635028BFF418004C6301 /* BadgeView.swift in Sources */,
				D65C635728BFF461004C6301 /* AddTransactionView.swift in Sources */,
				D65C636428BFF4C7004C6301 /* Constant.swift in Sources */,
				D65C636328BFF4C7004C6301 /* DataManager.swift in Sources */,
				D65C635128BFF418004C6301 /* AddCoinView.swift in Sources */,
				D65C634F28BFF418004C6301 /* CoinTableItemView.swift in Sources */,
				D65C636528BFF4C7004C6301 /* Extension.swift in Sources */,
				D65C635628BFF461004C6301 /* TransactionTableItemView.swift in Sources */,
				D65C635B28BFF49D004C6301 /* PortfolioModel.swift in Sources */,
				D65C634E28BFF418004C6301 /* PortfolioSettingsView.swift in Sources */,
				D6717EF828D8C62E0021004C /* AddPortfolioView.swift in Sources */,
				D65C634B28BFF418004C6301 /* PortfolioView.swift in Sources */,
				D65C635828BFF461004C6301 /* CoinView.swift in Sources */,
				D65C634D28BFF418004C6301 /* CoinTableView.swift in Sources */,
				D61B9B892922C752003A2A0E /* BadgeColorModel.swift in Sources */,
				D62B8D0728BFEDFA00623603 /* CoinMemoApp.swift in Sources */,
				D65C636228BFF4C7004C6301 /* APICall.swift in Sources */,
				D6717EF628D8C1DA0021004C /* PortfolioListView.swift in Sources */,
				D61B9B872922BF9B003A2A0E /* CoinListModel.swift in Sources */,
			);
			runOnlyForDeploymentPostprocessing = 0;
		};
/* End PBXSourcesBuildPhase section */

/* Begin XCBuildConfiguration section */
		D62B8D0F28BFEDFB00623603 /* Debug */ = {
			isa = XCBuildConfiguration;
			buildSettings = {
				ALWAYS_SEARCH_USER_PATHS = NO;
				CLANG_ANALYZER_NONNULL = YES;
				CLANG_ANALYZER_NUMBER_OBJECT_CONVERSION = YES_AGGRESSIVE;
				CLANG_CXX_LANGUAGE_STANDARD = "gnu++17";
				CLANG_ENABLE_MODULES = YES;
				CLANG_ENABLE_OBJC_ARC = YES;
				CLANG_ENABLE_OBJC_WEAK = YES;
				CLANG_WARN_BLOCK_CAPTURE_AUTORELEASING = YES;
				CLANG_WARN_BOOL_CONVERSION = YES;
				CLANG_WARN_COMMA = YES;
				CLANG_WARN_CONSTANT_CONVERSION = YES;
				CLANG_WARN_DEPRECATED_OBJC_IMPLEMENTATIONS = YES;
				CLANG_WARN_DIRECT_OBJC_ISA_USAGE = YES_ERROR;
				CLANG_WARN_DOCUMENTATION_COMMENTS = YES;
				CLANG_WARN_EMPTY_BODY = YES;
				CLANG_WARN_ENUM_CONVERSION = YES;
				CLANG_WARN_INFINITE_RECURSION = YES;
				CLANG_WARN_INT_CONVERSION = YES;
				CLANG_WARN_NON_LITERAL_NULL_CONVERSION = YES;
				CLANG_WARN_OBJC_IMPLICIT_RETAIN_SELF = YES;
				CLANG_WARN_OBJC_LITERAL_CONVERSION = YES;
				CLANG_WARN_OBJC_ROOT_CLASS = YES_ERROR;
				CLANG_WARN_QUOTED_INCLUDE_IN_FRAMEWORK_HEADER = YES;
				CLANG_WARN_RANGE_LOOP_ANALYSIS = YES;
				CLANG_WARN_STRICT_PROTOTYPES = YES;
				CLANG_WARN_SUSPICIOUS_MOVE = YES;
				CLANG_WARN_UNGUARDED_AVAILABILITY = YES_AGGRESSIVE;
				CLANG_WARN_UNREACHABLE_CODE = YES;
				CLANG_WARN__DUPLICATE_METHOD_MATCH = YES;
				COPY_PHASE_STRIP = NO;
				DEBUG_INFORMATION_FORMAT = dwarf;
				ENABLE_STRICT_OBJC_MSGSEND = YES;
				ENABLE_TESTABILITY = YES;
				GCC_C_LANGUAGE_STANDARD = gnu11;
				GCC_DYNAMIC_NO_PIC = NO;
				GCC_NO_COMMON_BLOCKS = YES;
				GCC_OPTIMIZATION_LEVEL = 0;
				GCC_PREPROCESSOR_DEFINITIONS = (
					"DEBUG=1",
					"$(inherited)",
				);
				GCC_WARN_64_TO_32_BIT_CONVERSION = YES;
				GCC_WARN_ABOUT_RETURN_TYPE = YES_ERROR;
				GCC_WARN_UNDECLARED_SELECTOR = YES;
				GCC_WARN_UNINITIALIZED_AUTOS = YES_AGGRESSIVE;
				GCC_WARN_UNUSED_FUNCTION = YES;
				GCC_WARN_UNUSED_VARIABLE = YES;
				IPHONEOS_DEPLOYMENT_TARGET = 15.4;
				MTL_ENABLE_DEBUG_INFO = INCLUDE_SOURCE;
				MTL_FAST_MATH = YES;
				ONLY_ACTIVE_ARCH = YES;
				SDKROOT = iphoneos;
				SWIFT_ACTIVE_COMPILATION_CONDITIONS = DEBUG;
				SWIFT_OPTIMIZATION_LEVEL = "-Onone";
			};
			name = Debug;
		};
		D62B8D1028BFEDFB00623603 /* Release */ = {
			isa = XCBuildConfiguration;
			buildSettings = {
				ALWAYS_SEARCH_USER_PATHS = NO;
				CLANG_ANALYZER_NONNULL = YES;
				CLANG_ANALYZER_NUMBER_OBJECT_CONVERSION = YES_AGGRESSIVE;
				CLANG_CXX_LANGUAGE_STANDARD = "gnu++17";
				CLANG_ENABLE_MODULES = YES;
				CLANG_ENABLE_OBJC_ARC = YES;
				CLANG_ENABLE_OBJC_WEAK = YES;
				CLANG_WARN_BLOCK_CAPTURE_AUTORELEASING = YES;
				CLANG_WARN_BOOL_CONVERSION = YES;
				CLANG_WARN_COMMA = YES;
				CLANG_WARN_CONSTANT_CONVERSION = YES;
				CLANG_WARN_DEPRECATED_OBJC_IMPLEMENTATIONS = YES;
				CLANG_WARN_DIRECT_OBJC_ISA_USAGE = YES_ERROR;
				CLANG_WARN_DOCUMENTATION_COMMENTS = YES;
				CLANG_WARN_EMPTY_BODY = YES;
				CLANG_WARN_ENUM_CONVERSION = YES;
				CLANG_WARN_INFINITE_RECURSION = YES;
				CLANG_WARN_INT_CONVERSION = YES;
				CLANG_WARN_NON_LITERAL_NULL_CONVERSION = YES;
				CLANG_WARN_OBJC_IMPLICIT_RETAIN_SELF = YES;
				CLANG_WARN_OBJC_LITERAL_CONVERSION = YES;
				CLANG_WARN_OBJC_ROOT_CLASS = YES_ERROR;
				CLANG_WARN_QUOTED_INCLUDE_IN_FRAMEWORK_HEADER = YES;
				CLANG_WARN_RANGE_LOOP_ANALYSIS = YES;
				CLANG_WARN_STRICT_PROTOTYPES = YES;
				CLANG_WARN_SUSPICIOUS_MOVE = YES;
				CLANG_WARN_UNGUARDED_AVAILABILITY = YES_AGGRESSIVE;
				CLANG_WARN_UNREACHABLE_CODE = YES;
				CLANG_WARN__DUPLICATE_METHOD_MATCH = YES;
				COPY_PHASE_STRIP = NO;
				DEBUG_INFORMATION_FORMAT = "dwarf-with-dsym";
				ENABLE_NS_ASSERTIONS = NO;
				ENABLE_STRICT_OBJC_MSGSEND = YES;
				GCC_C_LANGUAGE_STANDARD = gnu11;
				GCC_NO_COMMON_BLOCKS = YES;
				GCC_WARN_64_TO_32_BIT_CONVERSION = YES;
				GCC_WARN_ABOUT_RETURN_TYPE = YES_ERROR;
				GCC_WARN_UNDECLARED_SELECTOR = YES;
				GCC_WARN_UNINITIALIZED_AUTOS = YES_AGGRESSIVE;
				GCC_WARN_UNUSED_FUNCTION = YES;
				GCC_WARN_UNUSED_VARIABLE = YES;
				IPHONEOS_DEPLOYMENT_TARGET = 15.4;
				MTL_ENABLE_DEBUG_INFO = NO;
				MTL_FAST_MATH = YES;
				SDKROOT = iphoneos;
				SWIFT_COMPILATION_MODE = wholemodule;
				SWIFT_OPTIMIZATION_LEVEL = "-O";
				VALIDATE_PRODUCT = YES;
			};
			name = Release;
		};
		D62B8D1228BFEDFB00623603 /* Debug */ = {
			isa = XCBuildConfiguration;
			buildSettings = {
				ASSETCATALOG_COMPILER_APPICON_NAME = AppIcon;
				ASSETCATALOG_COMPILER_GLOBAL_ACCENT_COLOR_NAME = AccentColor;
				CODE_SIGN_STYLE = Automatic;
				CURRENT_PROJECT_VERSION = 1;
				DEVELOPMENT_ASSET_PATHS = "\"CoinMemo/Preview Content\"";
				DEVELOPMENT_TEAM = FH6MHCYNH7;
				ENABLE_PREVIEWS = YES;
				GENERATE_INFOPLIST_FILE = YES;
				INFOPLIST_KEY_UIApplicationSceneManifest_Generation = YES;
				INFOPLIST_KEY_UIApplicationSupportsIndirectInputEvents = YES;
				INFOPLIST_KEY_UILaunchScreen_Generation = YES;
				INFOPLIST_KEY_UISupportedInterfaceOrientations = UIInterfaceOrientationPortrait;
				INFOPLIST_KEY_UISupportedInterfaceOrientations_iPad = "UIInterfaceOrientationPortrait UIInterfaceOrientationPortraitUpsideDown UIInterfaceOrientationLandscapeLeft UIInterfaceOrientationLandscapeRight";
				INFOPLIST_KEY_UISupportedInterfaceOrientations_iPhone = "UIInterfaceOrientationPortrait UIInterfaceOrientationLandscapeLeft UIInterfaceOrientationLandscapeRight";
				LD_RUNPATH_SEARCH_PATHS = (
					"$(inherited)",
					"@executable_path/Frameworks",
				);
				MARKETING_VERSION = 1.0;
				PRODUCT_BUNDLE_IDENTIFIER = jedrzej.kus.CoinMemo;
				PRODUCT_NAME = "$(TARGET_NAME)";
				SWIFT_EMIT_LOC_STRINGS = YES;
				SWIFT_VERSION = 5.0;
				TARGETED_DEVICE_FAMILY = 1;
			};
			name = Debug;
		};
		D62B8D1328BFEDFB00623603 /* Release */ = {
			isa = XCBuildConfiguration;
			buildSettings = {
				ASSETCATALOG_COMPILER_APPICON_NAME = AppIcon;
				ASSETCATALOG_COMPILER_GLOBAL_ACCENT_COLOR_NAME = AccentColor;
				CODE_SIGN_STYLE = Automatic;
				CURRENT_PROJECT_VERSION = 1;
				DEVELOPMENT_ASSET_PATHS = "\"CoinMemo/Preview Content\"";
				DEVELOPMENT_TEAM = FH6MHCYNH7;
				ENABLE_PREVIEWS = YES;
				GENERATE_INFOPLIST_FILE = YES;
				INFOPLIST_KEY_UIApplicationSceneManifest_Generation = YES;
				INFOPLIST_KEY_UIApplicationSupportsIndirectInputEvents = YES;
				INFOPLIST_KEY_UILaunchScreen_Generation = YES;
				INFOPLIST_KEY_UISupportedInterfaceOrientations = UIInterfaceOrientationPortrait;
				INFOPLIST_KEY_UISupportedInterfaceOrientations_iPad = "UIInterfaceOrientationPortrait UIInterfaceOrientationPortraitUpsideDown UIInterfaceOrientationLandscapeLeft UIInterfaceOrientationLandscapeRight";
				INFOPLIST_KEY_UISupportedInterfaceOrientations_iPhone = "UIInterfaceOrientationPortrait UIInterfaceOrientationLandscapeLeft UIInterfaceOrientationLandscapeRight";
				LD_RUNPATH_SEARCH_PATHS = (
					"$(inherited)",
					"@executable_path/Frameworks",
				);
				MARKETING_VERSION = 1.0;
				PRODUCT_BUNDLE_IDENTIFIER = jedrzej.kus.CoinMemo;
				PRODUCT_NAME = "$(TARGET_NAME)";
				SWIFT_EMIT_LOC_STRINGS = YES;
				SWIFT_VERSION = 5.0;
				TARGETED_DEVICE_FAMILY = 1;
			};
			name = Release;
		};
/* End XCBuildConfiguration section */

/* Begin XCConfigurationList section */
		D62B8CFE28BFEDFA00623603 /* Build configuration list for PBXProject "CoinMemo" */ = {
			isa = XCConfigurationList;
			buildConfigurations = (
				D62B8D0F28BFEDFB00623603 /* Debug */,
				D62B8D1028BFEDFB00623603 /* Release */,
			);
			defaultConfigurationIsVisible = 0;
			defaultConfigurationName = Release;
		};
		D62B8D1128BFEDFB00623603 /* Build configuration list for PBXNativeTarget "CoinMemo" */ = {
			isa = XCConfigurationList;
			buildConfigurations = (
				D62B8D1228BFEDFB00623603 /* Debug */,
				D62B8D1328BFEDFB00623603 /* Release */,
			);
			defaultConfigurationIsVisible = 0;
			defaultConfigurationName = Release;
		};
/* End XCConfigurationList section */
	};
	rootObject = D62B8CFB28BFEDFA00623603 /* Project object */;
}
